# This file was autogenerated by Stack.
# You should not edit this file by hand.
# For more information, please see the documentation at:
#   https://docs.haskellstack.org/en/stable/topics/lock_files

packages:
- completed:
    hackage: forsyde-shallow-3.5.0.0@sha256:6746d7f6173c8c7b212d7ef0ecb0a4efad8ef9399073707701973c1e5c118f9c,4377
    pantry-tree:
      sha256: c835743c8422e2619caeaf824f0c0bdd3d66156822798a7ba54e2a704f18475c
      size: 2600
  original:
    hackage: forsyde-shallow-3.5.0.0@sha256:6746d7f6173c8c7b212d7ef0ecb0a4efad8ef9399073707701973c1e5c118f9c,4377
- completed:
    commit: a24e65741832fe807cd530e160934d5156c76460
    git: https://github.com/forsyde/forsyde-atom.git
    name: forsyde-atom
    pantry-tree:
      sha256: b1c9e56389dac9ed486ebc0fd3876f5905535035367b953cf1331f918321f8c5
      size: 4663
    version: 0.3.2.0
  original:
    commit: a24e65741832fe807cd530e160934d5156c76460
    git: https://github.com/forsyde/forsyde-atom.git
snapshots:
- completed:
    sha256: 468e1afa06cd069e57554f10e84fdf1ac5e8893e3eefc503ef837e2449f7e60c
    size: 726310
    url: https://raw.githubusercontent.com/commercialhaskell/stackage-snapshots/master/lts/24/11.yaml
  original: lts-24.11
